
Microsoft Visual Studio Solution File, Format Version 10.00
# Visual Studio 2008
Project("{8BC9CEB8-8B4A-11D0-8D11-00A0C91BC942}") = "vectors", "vectors\vectors.vcproj", "{5A848254-CC91-4BDD-BEA5-8F700F36E719}"
EndProject
Project("{8BC9CEB8-8B4A-11D0-8D11-00A0C91BC942}") = "udp_server", "udp_server\udp_server.vcproj", "{58218938-A656-49B6-9184-CB81441C934A}"
EndProject
Project("{8BC9CEB8-8B4A-11D0-8D11-00A0C91BC942}") = "udp_client", "udp_client\udp_client.vcproj", "{A5E1D4F3-8449-4187-8EFD-38B1EA52CD40}"
EndProject
Project("{8BC9CEB8-8B4A-11D0-8D11-00A0C91BC942}") = "sdl_experiments", "sdl_experiments\sdl_experiments.vcproj", "{7239F76F-925C-4605-B1BF-C0B6EB6EE215}"
EndProject
Global
	GlobalSection(SolutionConfigurationPlatforms) = preSolution
		Debug|Win32 = Debug|Win32
		Release|Win32 = Release|Win32
	EndGlobalSection
	GlobalSection(ProjectConfigurationPlatforms) = postSolution
		{5A848254-CC91-4BDD-BEA5-8F700F36E719}.Debug|Win32.ActiveCfg = Debug|Win32
		{5A848254-CC91-4BDD-BEA5-8F700F36E719}.Debug|Win32.Build.0 = Debug|Win32
		{5A848254-CC91-4BDD-BEA5-8F700F36E719}.Release|Win32.ActiveCfg = Release|Win32
		{5A848254-CC91-4BDD-BEA5-8F700F36E719}.Release|Win32.Build.0 = Release|Win32
		{58218938-A656-49B6-9184-CB81441C934A}.Debug|Win32.ActiveCfg = Debug|Win32
		{58218938-A656-49B6-9184-CB81441C934A}.Debug|Win32.Build.0 = Debug|Win32
		{58218938-A656-49B6-9184-CB81441C934A}.Release|Win32.ActiveCfg = Release|Win32
		{58218938-A656-49B6-9184-CB81441C934A}.Release|Win32.Build.0 = Release|Win32
		{A5E1D4F3-8449-4187-8EFD-38B1EA52CD40}.Debug|Win32.ActiveCfg = Debug|Win32
		{A5E1D4F3-8449-4187-8EFD-38B1EA52CD40}.Debug|Win32.Build.0 = Debug|Win32
		{A5E1D4F3-8449-4187-8EFD-38B1EA52CD40}.Release|Win32.ActiveCfg = Release|Win32
		{A5E1D4F3-8449-4187-8EFD-38B1EA52CD40}.Release|Win32.Build.0 = Release|Win32
		{7239F76F-925C-4605-B1BF-C0B6EB6EE215}.Debug|Win32.ActiveCfg = Debug|Win32
		{7239F76F-925C-4605-B1BF-C0B6EB6EE215}.Debug|Win32.Build.0 = Debug|Win32
		{7239F76F-925C-4605-B1BF-C0B6EB6EE215}.Release|Win32.ActiveCfg = Release|Win32
		{7239F76F-925C-4605-B1BF-C0B6EB6EE215}.Release|Win32.Build.0 = Release|Win32
	EndGlobalSection
	GlobalSection(SolutionProperties) = preSolution
		HideSolutionNode = FALSE
	EndGlobalSection
EndGlobal
